
Microsoft Visual Studio Solution File, Format Version 12.00
# Visual Studio Version 17
VisualStudioVersion = 17.11.35327.3
MinimumVisualStudioVersion = 10.0.40219.1
Project("{FAE04EC0-301F-11D3-BF4B-00C04F79EFBC}") = "Fishing", "Fishing\Fishing.csproj", "{74749E87-F38B-4E2C-A09E-B9B1CD50D15E}"
EndProject
Global
	GlobalSection(SolutionConfigurationPlatforms) = preSolution
		Debug|Any CPU = Debug|Any CPU
		Release|Any CPU = Release|Any CPU
	EndGlobalSection
	GlobalSection(ProjectConfigurationPlatforms) = postSolution
		{74749E87-F38B-4E2C-A09E-B9B1CD50D15E}.Debug|Any CPU.ActiveCfg = Debug|Any CPU
		{74749E87-F38B-4E2C-A09E-B9B1CD50D15E}.Debug|Any CPU.Build.0 = Debug|Any CPU
		{74749E87-F38B-4E2C-A09E-B9B1CD50D15E}.Release|Any CPU.ActiveCfg = Release|Any CPU
		{74749E87-F38B-4E2C-A09E-B9B1CD50D15E}.Release|Any CPU.Build.0 = Release|Any CPU
	EndGlobalSection
	GlobalSection(SolutionProperties) = preSolution
		HideSolutionNode = FALSE
	EndGlobalSection
	GlobalSection(ExtensibilityGlobals) = postSolution
		SolutionGuid = {571E6F3B-2CBB-4167-B0BF-1E39BB9508FB}
	EndGlobalSection
EndGlobal
